
Microsoft Visual Studio Solution File, Format Version 12.00
# Visual Studio Version 17
VisualStudioVersion = 17.10.35013.160
MinimumVisualStudioVersion = 10.0.40219.1
Project("{FAE04EC0-301F-11D3-BF4B-00C04F79EFBC}") = "2024-6-29", "2024-6-29.csproj", "{29A946A1-BB0B-4CDC-B5F0-635DA316F3C9}"
EndProject
Global
	GlobalSection(SolutionConfigurationPlatforms) = preSolution
		Debug|Any CPU = Debug|Any CPU
		Release|Any CPU = Release|Any CPU
	EndGlobalSection
	GlobalSection(ProjectConfigurationPlatforms) = postSolution
		{29A946A1-BB0B-4CDC-B5F0-635DA316F3C9}.Debug|Any CPU.ActiveCfg = Debug|Any CPU
		{29A946A1-BB0B-4CDC-B5F0-635DA316F3C9}.Debug|Any CPU.Build.0 = Debug|Any CPU
		{29A946A1-BB0B-4CDC-B5F0-635DA316F3C9}.Release|Any CPU.ActiveCfg = Release|Any CPU
		{29A946A1-BB0B-4CDC-B5F0-635DA316F3C9}.Release|Any CPU.Build.0 = Release|Any CPU
	EndGlobalSection
	GlobalSection(SolutionProperties) = preSolution
		HideSolutionNode = FALSE
	EndGlobalSection
	GlobalSection(ExtensibilityGlobals) = postSolution
		SolutionGuid = {98260A05-85D1-4CF1-BCEC-C7282089C368}
	EndGlobalSection
EndGlobal
