
Microsoft Visual Studio Solution File, Format Version 12.00
# Visual Studio Version 17
VisualStudioVersion = 17.10.35013.160
MinimumVisualStudioVersion = 10.0.40219.1
Project("{FAE04EC0-301F-11D3-BF4B-00C04F79EFBC}") = "2024-6-30", "2024-6-30.csproj", "{2173E36F-F665-49C6-9FF1-5D804CEB6867}"
EndProject
Global
	GlobalSection(SolutionConfigurationPlatforms) = preSolution
		Debug|Any CPU = Debug|Any CPU
		Release|Any CPU = Release|Any CPU
	EndGlobalSection
	GlobalSection(ProjectConfigurationPlatforms) = postSolution
		{2173E36F-F665-49C6-9FF1-5D804CEB6867}.Debug|Any CPU.ActiveCfg = Debug|Any CPU
		{2173E36F-F665-49C6-9FF1-5D804CEB6867}.Debug|Any CPU.Build.0 = Debug|Any CPU
		{2173E36F-F665-49C6-9FF1-5D804CEB6867}.Release|Any CPU.ActiveCfg = Release|Any CPU
		{2173E36F-F665-49C6-9FF1-5D804CEB6867}.Release|Any CPU.Build.0 = Release|Any CPU
	EndGlobalSection
	GlobalSection(SolutionProperties) = preSolution
		HideSolutionNode = FALSE
	EndGlobalSection
	GlobalSection(ExtensibilityGlobals) = postSolution
		SolutionGuid = {56BBD81E-DD9A-41FD-8F1A-7BD336655E58}
	EndGlobalSection
EndGlobal
